Microsoft Visual Studio Solution File, Format Version 12.00
# Visual Studio Version 17
VisualStudioVersion = 17.5.2.0
MinimumVisualStudioVersion = 10.0.40219.1
Project("{FAE04EC0-301F-11D3-BF4B-00C04F79EFBC}") = "Shipping_Calculator", "Shipping_Calculator.csproj", "{04CC950E-871C-6B02-40A3-EEFD07CBE2AD}"
EndProject
Global
	GlobalSection(SolutionConfigurationPlatforms) = preSolution
		Debug|Any CPU = Debug|Any CPU
		Release|Any CPU = Release|Any CPU
	EndGlobalSection
	GlobalSection(ProjectConfigurationPlatforms) = postSolution
		{04CC950E-871C-6B02-40A3-EEFD07CBE2AD}.Debug|Any CPU.ActiveCfg = Debug|Any CPU
		{04CC950E-871C-6B02-40A3-EEFD07CBE2AD}.Debug|Any CPU.Build.0 = Debug|Any CPU
		{04CC950E-871C-6B02-40A3-EEFD07CBE2AD}.Release|Any CPU.ActiveCfg = Release|Any CPU
		{04CC950E-871C-6B02-40A3-EEFD07CBE2AD}.Release|Any CPU.Build.0 = Release|Any CPU
	EndGlobalSection
	GlobalSection(SolutionProperties) = preSolution
		HideSolutionNode = FALSE
	EndGlobalSection
	GlobalSection(ExtensibilityGlobals) = postSolution
		SolutionGuid = {21B45E0F-4595-4366-A6CB-39D48845141E}
	EndGlobalSection
EndGlobal
